{
  "version": "v1",
  "packages": {
    "@anyvan-ui/theme": {
      "signature": "375286a08ff8a55c1534b5a85c4f68b6",
      "file": true
    },
    "@anyvan-ui/modal": {
      "signature": "e18d572cec572f814686056aa5cb58a2",
      "workspace": true
    },
    "@anyvan-ui/checkbox": {
      "signature": "8719837aa8f34f61d43649163a559d75",
      "file": true
    },
    "@anyvan-ui/fonts": {
      "signature": "87c6bdd49310a621dce31217c6774347",
      "file": true
    },
    "@anyvan-ui/icons": {
      "signature": "515a0d926b73816885dc1c94aa0b1a79",
      "file": true
    }
  }
}